
Microsoft Visual Studio Solution File, Format Version 12.00
# Visual Studio Version 16
VisualStudioVersion = 16.0.28803.452
MinimumVisualStudioVersion = 10.0.40219.1
Project("{FAE04EC0-301F-11D3-BF4B-00C04F79EFBC}") = "WebApplication8", "WebApplication8\WebApplication8.csproj", "{3884BEAE-74B7-4159-8D1C-4A56CA3C318C}"
EndProject
Global
	GlobalSection(SolutionConfigurationPlatforms) = preSolution
		Debug|Any CPU = Debug|Any CPU
		Release|Any CPU = Release|Any CPU
	EndGlobalSection
	GlobalSection(ProjectConfigurationPlatforms) = postSolution
		{3884BEAE-74B7-4159-8D1C-4A56CA3C318C}.Debug|Any CPU.ActiveCfg = Debug|Any CPU
		{3884BEAE-74B7-4159-8D1C-4A56CA3C318C}.Debug|Any CPU.Build.0 = Debug|Any CPU
		{3884BEAE-74B7-4159-8D1C-4A56CA3C318C}.Release|Any CPU.ActiveCfg = Release|Any CPU
		{3884BEAE-74B7-4159-8D1C-4A56CA3C318C}.Release|Any CPU.Build.0 = Release|Any CPU
	EndGlobalSection
	GlobalSection(SolutionProperties) = preSolution
		HideSolutionNode = FALSE
	EndGlobalSection
	GlobalSection(ExtensibilityGlobals) = postSolution
		SolutionGuid = {C6D1041B-C92B-45F0-AEDC-59B9C6FE9A40}
	EndGlobalSection
EndGlobal
